// !$*UTF8*$!
{
	archiveVersion = 1;
	classes = {
	};
	objectVersion = 48;
	objects = {

/* Begin PBXBuildFile section */
		B3424CCA221D956D00640D2F /* Session .swift in Sources */ = {isa = PBXBuildFile; fileRef = B3424CC9221D956D00640D2F /* Session .swift */; };
		B346BC91221DAA5000C0F6E7 /* TeamModel.swift in Sources */ = {isa = PBXBuildFile; fileRef = B346BC90221DAA5000C0F6E7 /* TeamModel.swift */; };
		B346BC93221DF01700C0F6E7 /* API Client.swift in Sources */ = {isa = PBXBuildFile; fileRef = B346BC92221DF01700C0F6E7 /* API Client.swift */; };
		B346BC95221E0AB500C0F6E7 /* Competition.swift in Sources */ = {isa = PBXBuildFile; fileRef = B346BC94221E0AB500C0F6E7 /* Competition.swift */; };
		B346BC97221E225B00C0F6E7 /* Match.swift in Sources */ = {isa = PBXBuildFile; fileRef = B346BC96221E225B00C0F6E7 /* Match.swift */; };
		B346BC9B221E29F700C0F6E7 /* CompetitionTVCell.swift in Sources */ = {isa = PBXBuildFile; fileRef = B346BC9A221E29F700C0F6E7 /* CompetitionTVCell.swift */; };
		B34F12A12220A555005AE3BA /* MatchTeamVC.swift in Sources */ = {isa = PBXBuildFile; fileRef = B34F12A02220A555005AE3BA /* MatchTeamVC.swift */; };
		B34F12A32220AFC1005AE3BA /* MatchTVCell.swift in Sources */ = {isa = PBXBuildFile; fileRef = B34F12A22220AFC1005AE3BA /* MatchTVCell.swift */; };
		B34F12A72220C031005AE3BA /* FavouriteTeamsTVController.swift in Sources */ = {isa = PBXBuildFile; fileRef = B34F12A62220C031005AE3BA /* FavouriteTeamsTVController.swift */; };
		B34F12A92220C4BF005AE3BA /* FavouriteTVCell.swift in Sources */ = {isa = PBXBuildFile; fileRef = B34F12A82220C4BF005AE3BA /* FavouriteTVCell.swift */; };
		B37195AF221C66B700BEF7AD /* AppDelegate.swift in Sources */ = {isa = PBXBuildFile; fileRef = B37195AE221C66B700BEF7AD /* AppDelegate.swift */; };
		B37195B4221C66B700BEF7AD /* Main.storyboard in Resources */ = {isa = PBXBuildFile; fileRef = B37195B2221C66B700BEF7AD /* Main.storyboard */; };
		B37195B7221C66B700BEF7AD /* FootBallApp.xcdatamodeld in Sources */ = {isa = PBXBuildFile; fileRef = B37195B5221C66B700BEF7AD /* FootBallApp.xcdatamodeld */; };
		B37195B9221C66B700BEF7AD /* Assets.xcassets in Resources */ = {isa = PBXBuildFile; fileRef = B37195B8221C66B700BEF7AD /* Assets.xcassets */; };
		B37195BC221C66B700BEF7AD /* LaunchScreen.storyboard in Resources */ = {isa = PBXBuildFile; fileRef = B37195BA221C66B700BEF7AD /* LaunchScreen.storyboard */; };
		B37195C6221C7D9800BEF7AD /* Constants.swift in Sources */ = {isa = PBXBuildFile; fileRef = B37195C5221C7D9800BEF7AD /* Constants.swift */; };
		B3D4E75422203BEE005ED371 /* CompetitionTableVC.swift in Sources */ = {isa = PBXBuildFile; fileRef = B3D4E75322203BEE005ED371 /* CompetitionTableVC.swift */; };
		B3D4E75622204AED005ED371 /* TeamTableVC.swift in Sources */ = {isa = PBXBuildFile; fileRef = B3D4E75522204AED005ED371 /* TeamTableVC.swift */; };
		B3D4E75822205697005ED371 /* TeamTVCell.swift in Sources */ = {isa = PBXBuildFile; fileRef = B3D4E75722205697005ED371 /* TeamTVCell.swift */; };
/* End PBXBuildFile section */

/* Begin PBXFileReference section */
		B3424CC9221D956D00640D2F /* Session .swift */ = {isa = PBXFileReference; lastKnownFileType = sourcecode.swift; path = "Session .swift"; sourceTree = "<group>"; };
		B346BC90221DAA5000C0F6E7 /* TeamModel.swift */ = {isa = PBXFileReference; lastKnownFileType = sourcecode.swift; path = TeamModel.swift; sourceTree = "<group>"; };
		B346BC92221DF01700C0F6E7 /* API Client.swift */ = {isa = PBXFileReference; lastKnownFileType = sourcecode.swift; path = "API Client.swift"; sourceTree = "<group>"; };
		B346BC94221E0AB500C0F6E7 /* Competition.swift */ = {isa = PBXFileReference; lastKnownFileType = sourcecode.swift; path = Competition.swift; sourceTree = "<group>"; };
		B346BC96221E225B00C0F6E7 /* Match.swift */ = {isa = PBXFileReference; lastKnownFileType = sourcecode.swift; path = Match.swift; sourceTree = "<group>"; };
		B346BC9A221E29F700C0F6E7 /* CompetitionTVCell.swift */ = {isa = PBXFileReference; lastKnownFileType = sourcecode.swift; path = CompetitionTVCell.swift; sourceTree = "<group>"; };
		B34F12A02220A555005AE3BA /* MatchTeamVC.swift */ = {isa = PBXFileReference; lastKnownFileType = sourcecode.swift; path = MatchTeamVC.swift; sourceTree = "<group>"; };
		B34F12A22220AFC1005AE3BA /* MatchTVCell.swift */ = {isa = PBXFileReference; lastKnownFileType = sourcecode.swift; path = MatchTVCell.swift; sourceTree = "<group>"; };
		B34F12A62220C031005AE3BA /* FavouriteTeamsTVController.swift */ = {isa = PBXFileReference; lastKnownFileType = sourcecode.swift; path = FavouriteTeamsTVController.swift; sourceTree = "<group>"; };
		B34F12A82220C4BF005AE3BA /* FavouriteTVCell.swift */ = {isa = PBXFileReference; lastKnownFileType = sourcecode.swift; path = FavouriteTVCell.swift; sourceTree = "<group>"; };
		B37195AB221C66B700BEF7AD /* FootBallApp.app */ = {isa = PBXFileReference; explicitFileType = wrapper.application; includeInIndex = 0; path = FootBallApp.app; sourceTree = BUILT_PRODUCTS_DIR; };
		B37195AE221C66B700BEF7AD /* AppDelegate.swift */ = {isa = PBXFileReference; lastKnownFileType = sourcecode.swift; path = AppDelegate.swift; sourceTree = "<group>"; };
		B37195B3221C66B700BEF7AD /* Base */ = {isa = PBXFileReference; lastKnownFileType = file.storyboard; name = Base; path = Base.lproj/Main.storyboard; sourceTree = "<group>"; };
		B37195B6221C66B700BEF7AD /* FootBallApp.xcdatamodel */ = {isa = PBXFileReference; lastKnownFileType = wrapper.xcdatamodel; path = FootBallApp.xcdatamodel; sourceTree = "<group>"; };
		B37195B8221C66B700BEF7AD /* Assets.xcassets */ = {isa = PBXFileReference; lastKnownFileType = folder.assetcatalog; path = Assets.xcassets; sourceTree = "<group>"; };
		B37195BB221C66B700BEF7AD /* Base */ = {isa = PBXFileReference; lastKnownFileType = file.storyboard; name = Base; path = Base.lproj/LaunchScreen.storyboard; sourceTree = "<group>"; };
		B37195BD221C66B700BEF7AD /* Info.plist */ = {isa = PBXFileReference; lastKnownFileType = text.plist.xml; path = Info.plist; sourceTree = "<group>"; };
		B37195C5221C7D9800BEF7AD /* Constants.swift */ = {isa = PBXFileReference; lastKnownFileType = sourcecode.swift; path = Constants.swift; sourceTree = "<group>"; };
		B3D4E75322203BEE005ED371 /* CompetitionTableVC.swift */ = {isa = PBXFileReference; lastKnownFileType = sourcecode.swift; path = CompetitionTableVC.swift; sourceTree = "<group>"; };
		B3D4E75522204AED005ED371 /* TeamTableVC.swift */ = {isa = PBXFileReference; lastKnownFileType = sourcecode.swift; path = TeamTableVC.swift; sourceTree = "<group>"; };
		B3D4E75722205697005ED371 /* TeamTVCell.swift */ = {isa = PBXFileReference; lastKnownFileType = sourcecode.swift; path = TeamTVCell.swift; sourceTree = "<group>"; };
/* End PBXFileReference section */

/* Begin PBXFrameworksBuildPhase section */
		B37195A8221C66B700BEF7AD /* Frameworks */ = {
			isa = PBXFrameworksBuildPhase;
			buildActionMask = 2147483647;
			files = (
			);
			runOnlyForDeploymentPostprocessing = 0;
		};
/* End PBXFrameworksBuildPhase section */

/* Begin PBXGroup section */
		B3424CCB221D9D6100640D2F /* Model */ = {
			isa = PBXGroup;
			children = (
				B37195B5221C66B700BEF7AD /* FootBallApp.xcdatamodeld */,
			);
			path = Model;
			sourceTree = "<group>";
		};
		B3424CCC221D9DE200640D2F /* Controller */ = {
			isa = PBXGroup;
			children = (
				B3D4E75322203BEE005ED371 /* CompetitionTableVC.swift */,
				B3D4E75522204AED005ED371 /* TeamTableVC.swift */,
				B34F12A02220A555005AE3BA /* MatchTeamVC.swift */,
				B34F12A62220C031005AE3BA /* FavouriteTeamsTVController.swift */,
			);
			path = Controller;
			sourceTree = "<group>";
		};
		B37195A2221C66B700BEF7AD = {
			isa = PBXGroup;
			children = (
				B37195AD221C66B700BEF7AD /* FootBallApp */,
				B37195AC221C66B700BEF7AD /* Products */,
			);
			sourceTree = "<group>";
		};
		B37195AC221C66B700BEF7AD /* Products */ = {
			isa = PBXGroup;
			children = (
				B37195AB221C66B700BEF7AD /* FootBallApp.app */,
			);
			name = Products;
			sourceTree = "<group>";
		};
		B37195AD221C66B700BEF7AD /* FootBallApp */ = {
			isa = PBXGroup;
			children = (
				B3D7BC83221E3666002CF46A /* Networking */,
				B3CDDF7E221F7C7800B7EB7F /* View */,
				B3424CCC221D9DE200640D2F /* Controller */,
				B3424CCB221D9D6100640D2F /* Model */,
				B37195AE221C66B700BEF7AD /* AppDelegate.swift */,
				B37195B2221C66B700BEF7AD /* Main.storyboard */,
				B37195B8221C66B700BEF7AD /* Assets.xcassets */,
				B37195BA221C66B700BEF7AD /* LaunchScreen.storyboard */,
				B37195BD221C66B700BEF7AD /* Info.plist */,
			);
			path = FootBallApp;
			sourceTree = "<group>";
		};
		B3CDDF7E221F7C7800B7EB7F /* View */ = {
			isa = PBXGroup;
			children = (
				B346BC9A221E29F700C0F6E7 /* CompetitionTVCell.swift */,
				B3D4E75722205697005ED371 /* TeamTVCell.swift */,
				B34F12A22220AFC1005AE3BA /* MatchTVCell.swift */,
				B34F12A82220C4BF005AE3BA /* FavouriteTVCell.swift */,
			);
			path = View;
			sourceTree = "<group>";
		};
		B3D7BC83221E3666002CF46A /* Networking */ = {
			isa = PBXGroup;
			children = (
				B346BC96221E225B00C0F6E7 /* Match.swift */,
				B346BC94221E0AB500C0F6E7 /* Competition.swift */,
				B37195C5221C7D9800BEF7AD /* Constants.swift */,
				B346BC90221DAA5000C0F6E7 /* TeamModel.swift */,
				B346BC92221DF01700C0F6E7 /* API Client.swift */,
				B3424CC9221D956D00640D2F /* Session .swift */,
			);
			path = Networking;
			sourceTree = "<group>";
		};
/* End PBXGroup section */

/* Begin PBXNativeTarget section */
		B37195AA221C66B700BEF7AD /* FootBallApp */ = {
			isa = PBXNativeTarget;
			buildConfigurationList = B37195C0221C66B700BEF7AD /* Build configuration list for PBXNativeTarget "FootBallApp" */;
			buildPhases = (
				B37195A7221C66B700BEF7AD /* Sources */,
				B37195A8221C66B700BEF7AD /* Frameworks */,
				B37195A9221C66B700BEF7AD /* Resources */,
			);
			buildRules = (
			);
			dependencies = (
			);
			name = FootBallApp;
			productName = FootBallApp;
			productReference = B37195AB221C66B700BEF7AD /* FootBallApp.app */;
			productType = "com.apple.product-type.application";
		};
/* End PBXNativeTarget section */

/* Begin PBXProject section */
		B37195A3221C66B700BEF7AD /* Project object */ = {
			isa = PBXProject;
			attributes = {
				LastSwiftUpdateCheck = 0920;
				LastUpgradeCheck = 0920;
				ORGANIZATIONNAME = hind;
				TargetAttributes = {
					B37195AA221C66B700BEF7AD = {
						CreatedOnToolsVersion = 9.2;
						ProvisioningStyle = Automatic;
					};
				};
			};
			buildConfigurationList = B37195A6221C66B700BEF7AD /* Build configuration list for PBXProject "FootBallApp" */;
			compatibilityVersion = "Xcode 8.0";
			developmentRegion = en;
			hasScannedForEncodings = 0;
			knownRegions = (
				en,
				Base,
			);
			mainGroup = B37195A2221C66B700BEF7AD;
			productRefGroup = B37195AC221C66B700BEF7AD /* Products */;
			projectDirPath = "";
			projectRoot = "";
			targets = (
				B37195AA221C66B700BEF7AD /* FootBallApp */,
			);
		};
/* End PBXProject section */

/* Begin PBXResourcesBuildPhase section */
		B37195A9221C66B700BEF7AD /* Resources */ = {
			isa = PBXResourcesBuildPhase;
			buildActionMask = 2147483647;
			files = (
				B37195BC221C66B700BEF7AD /* LaunchScreen.storyboard in Resources */,
				B37195B9221C66B700BEF7AD /* Assets.xcassets in Resources */,
				B37195B4221C66B700BEF7AD /* Main.storyboard in Resources */,
			);
			runOnlyForDeploymentPostprocessing = 0;
		};
/* End PBXResourcesBuildPhase section */

/* Begin PBXSourcesBuildPhase section */
		B37195A7221C66B700BEF7AD /* Sources */ = {
			isa = PBXSourcesBuildPhase;
			buildActionMask = 2147483647;
			files = (
				B34F12A72220C031005AE3BA /* FavouriteTeamsTVController.swift in Sources */,
				B3D4E75822205697005ED371 /* TeamTVCell.swift in Sources */,
				B346BC91221DAA5000C0F6E7 /* TeamModel.swift in Sources */,
				B34F12A12220A555005AE3BA /* MatchTeamVC.swift in Sources */,
				B37195B7221C66B700BEF7AD /* FootBallApp.xcdatamodeld in Sources */,
				B3D4E75622204AED005ED371 /* TeamTableVC.swift in Sources */,
				B37195AF221C66B700BEF7AD /* AppDelegate.swift in Sources */,
				B3D4E75422203BEE005ED371 /* CompetitionTableVC.swift in Sources */,
				B3424CCA221D956D00640D2F /* Session .swift in Sources */,
				B346BC93221DF01700C0F6E7 /* API Client.swift in Sources */,
				B346BC9B221E29F700C0F6E7 /* CompetitionTVCell.swift in Sources */,
				B34F12A92220C4BF005AE3BA /* FavouriteTVCell.swift in Sources */,
				B37195C6221C7D9800BEF7AD /* Constants.swift in Sources */,
				B34F12A32220AFC1005AE3BA /* MatchTVCell.swift in Sources */,
				B346BC95221E0AB500C0F6E7 /* Competition.swift in Sources */,
				B346BC97221E225B00C0F6E7 /* Match.swift in Sources */,
			);
			runOnlyForDeploymentPostprocessing = 0;
		};
/* End PBXSourcesBuildPhase section */

/* Begin PBXVariantGroup section */
		B37195B2221C66B700BEF7AD /* Main.storyboard */ = {
			isa = PBXVariantGroup;
			children = (
				B37195B3221C66B700BEF7AD /* Base */,
			);
			name = Main.storyboard;
			sourceTree = "<group>";
		};
		B37195BA221C66B700BEF7AD /* LaunchScreen.storyboard */ = {
			isa = PBXVariantGroup;
			children = (
				B37195BB221C66B700BEF7AD /* Base */,
			);
			name = LaunchScreen.storyboard;
			sourceTree = "<group>";
		};
/* End PBXVariantGroup section */

/* Begin XCBuildConfiguration section */
		B37195BE221C66B700BEF7AD /* Debug */ = {
			isa = XCBuildConfiguration;
			buildSettings = {
				ALWAYS_SEARCH_USER_PATHS = NO;
				CLANG_ANALYZER_NONNULL = YES;
				CLANG_ANALYZER_NUMBER_OBJECT_CONVERSION = YES_AGGRESSIVE;
				CLANG_CXX_LANGUAGE_STANDARD = "gnu++14";
				CLANG_CXX_LIBRARY = "libc++";
				CLANG_ENABLE_MODULES = YES;
				CLANG_ENABLE_OBJC_ARC = YES;
				CLANG_WARN_BLOCK_CAPTURE_AUTORELEASING = YES;
				CLANG_WARN_BOOL_CONVERSION = YES;
				CLANG_WARN_COMMA = YES;
				CLANG_WARN_CONSTANT_CONVERSION = YES;
				CLANG_WARN_DIRECT_OBJC_ISA_USAGE = YES_ERROR;
				CLANG_WARN_DOCUMENTATION_COMMENTS = YES;
				CLANG_WARN_EMPTY_BODY = YES;
				CLANG_WARN_ENUM_CONVERSION = YES;
				CLANG_WARN_INFINITE_RECURSION = YES;
				CLANG_WARN_INT_CONVERSION = YES;
				CLANG_WARN_NON_LITERAL_NULL_CONVERSION = YES;
				CLANG_WARN_OBJC_LITERAL_CONVERSION = YES;
				CLANG_WARN_OBJC_ROOT_CLASS = YES_ERROR;
				CLANG_WARN_RANGE_LOOP_ANALYSIS = YES;
				CLANG_WARN_STRICT_PROTOTYPES = YES;
				CLANG_WARN_SUSPICIOUS_MOVE = YES;
				CLANG_WARN_UNGUARDED_AVAILABILITY = YES_AGGRESSIVE;
				CLANG_WARN_UNREACHABLE_CODE = YES;
				CLANG_WARN__DUPLICATE_METHOD_MATCH = YES;
				CODE_SIGN_IDENTITY = "iPhone Developer";
				COPY_PHASE_STRIP = NO;
				DEBUG_INFORMATION_FORMAT = dwarf;
				ENABLE_STRICT_OBJC_MSGSEND = YES;
				ENABLE_TESTABILITY = YES;
				GCC_C_LANGUAGE_STANDARD = gnu11;
				GCC_DYNAMIC_NO_PIC = NO;
				GCC_NO_COMMON_BLOCKS = YES;
				GCC_OPTIMIZATION_LEVEL = 0;
				GCC_PREPROCESSOR_DEFINITIONS = (
					"DEBUG=1",
					"$(inherited)",
				);
				GCC_WARN_64_TO_32_BIT_CONVERSION = YES;
				GCC_WARN_ABOUT_RETURN_TYPE = YES_ERROR;
				GCC_WARN_UNDECLARED_SELECTOR = YES;
				GCC_WARN_UNINITIALIZED_AUTOS = YES_AGGRESSIVE;
				GCC_WARN_UNUSED_FUNCTION = YES;
				GCC_WARN_UNUSED_VARIABLE = YES;
				IPHONEOS_DEPLOYMENT_TARGET = 11.2;
				MTL_ENABLE_DEBUG_INFO = YES;
				ONLY_ACTIVE_ARCH = YES;
				SDKROOT = iphoneos;
				SWIFT_ACTIVE_COMPILATION_CONDITIONS = DEBUG;
				SWIFT_OPTIMIZATION_LEVEL = "-Onone";
			};
			name = Debug;
		};
		B37195BF221C66B700BEF7AD /* Release */ = {
			isa = XCBuildConfiguration;
			buildSettings = {
				ALWAYS_SEARCH_USER_PATHS = NO;
				CLANG_ANALYZER_NONNULL = YES;
				CLANG_ANALYZER_NUMBER_OBJECT_CONVERSION = YES_AGGRESSIVE;
				CLANG_CXX_LANGUAGE_STANDARD = "gnu++14";
				CLANG_CXX_LIBRARY = "libc++";
				CLANG_ENABLE_MODULES = YES;
				CLANG_ENABLE_OBJC_ARC = YES;
				CLANG_WARN_BLOCK_CAPTURE_AUTORELEASING = YES;
				CLANG_WARN_BOOL_CONVERSION = YES;
				CLANG_WARN_COMMA = YES;
				CLANG_WARN_CONSTANT_CONVERSION = YES;
				CLANG_WARN_DIRECT_OBJC_ISA_USAGE = YES_ERROR;
				CLANG_WARN_DOCUMENTATION_COMMENTS = YES;
				CLANG_WARN_EMPTY_BODY = YES;
				CLANG_WARN_ENUM_CONVERSION = YES;
				CLANG_WARN_INFINITE_RECURSION = YES;
				CLANG_WARN_INT_CONVERSION = YES;
				CLANG_WARN_NON_LITERAL_NULL_CONVERSION = YES;
				CLANG_WARN_OBJC_LITERAL_CONVERSION = YES;
				CLANG_WARN_OBJC_ROOT_CLASS = YES_ERROR;
				CLANG_WARN_RANGE_LOOP_ANALYSIS = YES;
				CLANG_WARN_STRICT_PROTOTYPES = YES;
				CLANG_WARN_SUSPICIOUS_MOVE = YES;
				CLANG_WARN_UNGUARDED_AVAILABILITY = YES_AGGRESSIVE;
				CLANG_WARN_UNREACHABLE_CODE = YES;
				CLANG_WARN__DUPLICATE_METHOD_MATCH = YES;
				CODE_SIGN_IDENTITY = "iPhone Developer";
				COPY_PHASE_STRIP = NO;
				DEBUG_INFORMATION_FORMAT = "dwarf-with-dsym";
				ENABLE_NS_ASSERTIONS = NO;
				ENABLE_STRICT_OBJC_MSGSEND = YES;
				GCC_C_LANGUAGE_STANDARD = gnu11;
				GCC_NO_COMMON_BLOCKS = YES;
				GCC_WARN_64_TO_32_BIT_CONVERSION = YES;
				GCC_WARN_ABOUT_RETURN_TYPE = YES_ERROR;
				GCC_WARN_UNDECLARED_SELECTOR = YES;
				GCC_WARN_UNINITIALIZED_AUTOS = YES_AGGRESSIVE;
				GCC_WARN_UNUSED_FUNCTION = YES;
				GCC_WARN_UNUSED_VARIABLE = YES;
				IPHONEOS_DEPLOYMENT_TARGET = 11.2;
				MTL_ENABLE_DEBUG_INFO = NO;
				SDKROOT = iphoneos;
				SWIFT_OPTIMIZATION_LEVEL = "-Owholemodule";
				VALIDATE_PRODUCT = YES;
			};
			name = Release;
		};
		B37195C1221C66B700BEF7AD /* Debug */ = {
			isa = XCBuildConfiguration;
			buildSettings = {
				ASSETCATALOG_COMPILER_APPICON_NAME = AppIcon;
				CODE_SIGN_STYLE = Automatic;
				DEVELOPMENT_TEAM = AD4EA3AQ63;
				INFOPLIST_FILE = FootBallApp/Info.plist;
				LD_RUNPATH_SEARCH_PATHS = "$(inherited) @executable_path/Frameworks";
				PRODUCT_BUNDLE_IDENTIFIER = hind.FootBallApp;
				PRODUCT_NAME = "$(TARGET_NAME)";
				SWIFT_VERSION = 4.0;
				TARGETED_DEVICE_FAMILY = "1,2";
			};
			name = Debug;
		};
		B37195C2221C66B700BEF7AD /* Release */ = {
			isa = XCBuildConfiguration;
			buildSettings = {
				ASSETCATALOG_COMPILER_APPICON_NAME = AppIcon;
				CODE_SIGN_STYLE = Automatic;
				DEVELOPMENT_TEAM = AD4EA3AQ63;
				INFOPLIST_FILE = FootBallApp/Info.plist;
				LD_RUNPATH_SEARCH_PATHS = "$(inherited) @executable_path/Frameworks";
				PRODUCT_BUNDLE_IDENTIFIER = hind.FootBallApp;
				PRODUCT_NAME = "$(TARGET_NAME)";
				SWIFT_VERSION = 4.0;
				TARGETED_DEVICE_FAMILY = "1,2";
			};
			name = Release;
		};
/* End XCBuildConfiguration section */

/* Begin XCConfigurationList section */
		B37195A6221C66B700BEF7AD /* Build configuration list for PBXProject "FootBallApp" */ = {
			isa = XCConfigurationList;
			buildConfigurations = (
				B37195BE221C66B700BEF7AD /* Debug */,
				B37195BF221C66B700BEF7AD /* Release */,
			);
			defaultConfigurationIsVisible = 0;
			defaultConfigurationName = Release;
		};
		B37195C0221C66B700BEF7AD /* Build configuration list for PBXNativeTarget "FootBallApp" */ = {
			isa = XCConfigurationList;
			buildConfigurations = (
				B37195C1221C66B700BEF7AD /* Debug */,
				B37195C2221C66B700BEF7AD /* Release */,
			);
			defaultConfigurationIsVisible = 0;
			defaultConfigurationName = Release;
		};
/* End XCConfigurationList section */

/* Begin XCVersionGroup section */
		B37195B5221C66B700BEF7AD /* FootBallApp.xcdatamodeld */ = {
			isa = XCVersionGroup;
			children = (
				B37195B6221C66B700BEF7AD /* FootBallApp.xcdatamodel */,
			);
			currentVersion = B37195B6221C66B700BEF7AD /* FootBallApp.xcdatamodel */;
			path = FootBallApp.xcdatamodeld;
			sourceTree = "<group>";
			versionGroupType = wrapper.xcdatamodel;
		};
/* End XCVersionGroup section */
	};
	rootObject = B37195A3221C66B700BEF7AD /* Project object */;
}
